
Microsoft Visual Studio Solution File, Format Version 12.00
# Visual Studio Version 16
VisualStudioVersion = 16.0.30002.166
MinimumVisualStudioVersion = 10.0.40219.1
Project("{9A19103F-16F7-4668-BE54-9A1E7A4F7556}") = "DateTimeSource", "DateTimeSource\DateTimeSource.csproj", "{D04678CA-C623-4A4C-9312-921BEC024E6B}"
EndProject
Project("{9A19103F-16F7-4668-BE54-9A1E7A4F7556}") = "DateTimeSourceUnitTest", "DateTimeSourceUnitTest\DateTimeSourceUnitTest.csproj", "{3E846979-3E95-4D7B-BA51-BDE5B905008C}"
EndProject
Project("{2150E333-8FDC-42A3-9474-1A3956D46DE8}") = "Solution Items", "Solution Items", "{BB03F64A-036B-4574-B490-448CB56881C0}"
	ProjectSection(SolutionItems) = preProject
		LICENSE.md = LICENSE.md
		ReadMe.md = ReadMe.md
	EndProjectSection
EndProject
Project("{FAE04EC0-301F-11D3-BF4B-00C04F79EFBC}") = "DemoApp", "DemoApp\DemoApp.csproj", "{804193C9-919C-4F14-884F-CD11433614A6}"
EndProject
Project("{FAE04EC0-301F-11D3-BF4B-00C04F79EFBC}") = "DemoAppUnitTest", "DemoAppUnitTest\DemoAppUnitTest.csproj", "{966627BD-C05A-40F5-A802-7E71EC5E91C9}"
EndProject
Global
	GlobalSection(SolutionConfigurationPlatforms) = preSolution
		Debug|Any CPU = Debug|Any CPU
		Release|Any CPU = Release|Any CPU
	EndGlobalSection
	GlobalSection(ProjectConfigurationPlatforms) = postSolution
		{D04678CA-C623-4A4C-9312-921BEC024E6B}.Debug|Any CPU.ActiveCfg = Debug|Any CPU
		{D04678CA-C623-4A4C-9312-921BEC024E6B}.Debug|Any CPU.Build.0 = Debug|Any CPU
		{D04678CA-C623-4A4C-9312-921BEC024E6B}.Release|Any CPU.ActiveCfg = Release|Any CPU
		{D04678CA-C623-4A4C-9312-921BEC024E6B}.Release|Any CPU.Build.0 = Release|Any CPU
		{3E846979-3E95-4D7B-BA51-BDE5B905008C}.Debug|Any CPU.ActiveCfg = Debug|Any CPU
		{3E846979-3E95-4D7B-BA51-BDE5B905008C}.Debug|Any CPU.Build.0 = Debug|Any CPU
		{3E846979-3E95-4D7B-BA51-BDE5B905008C}.Release|Any CPU.ActiveCfg = Release|Any CPU
		{3E846979-3E95-4D7B-BA51-BDE5B905008C}.Release|Any CPU.Build.0 = Release|Any CPU
		{804193C9-919C-4F14-884F-CD11433614A6}.Debug|Any CPU.ActiveCfg = Debug|Any CPU
		{804193C9-919C-4F14-884F-CD11433614A6}.Debug|Any CPU.Build.0 = Debug|Any CPU
		{804193C9-919C-4F14-884F-CD11433614A6}.Release|Any CPU.ActiveCfg = Release|Any CPU
		{804193C9-919C-4F14-884F-CD11433614A6}.Release|Any CPU.Build.0 = Release|Any CPU
		{966627BD-C05A-40F5-A802-7E71EC5E91C9}.Debug|Any CPU.ActiveCfg = Debug|Any CPU
		{966627BD-C05A-40F5-A802-7E71EC5E91C9}.Debug|Any CPU.Build.0 = Debug|Any CPU
		{966627BD-C05A-40F5-A802-7E71EC5E91C9}.Release|Any CPU.ActiveCfg = Release|Any CPU
		{966627BD-C05A-40F5-A802-7E71EC5E91C9}.Release|Any CPU.Build.0 = Release|Any CPU
	EndGlobalSection
	GlobalSection(SolutionProperties) = preSolution
		HideSolutionNode = FALSE
	EndGlobalSection
	GlobalSection(ExtensibilityGlobals) = postSolution
		SolutionGuid = {F0C53856-937A-4CF0-B9F8-74E563914901}
	EndGlobalSection
EndGlobal
